// !$*UTF8*$!
{
	archiveVersion = 1;
	classes = {
	};
	objectVersion = 46;
	objects = {

/* Begin PBXBuildFile section */
		42DCB3D61B251A5B0087AB50 /* main.m in Sources */ = {isa = PBXBuildFile; fileRef = 42DCB3D51B251A5B0087AB50 /* main.m */; };
		42DCB3D91B251A5B0087AB50 /* AppDelegate.m in Sources */ = {isa = PBXBuildFile; fileRef = 42DCB3D81B251A5B0087AB50 /* AppDelegate.m */; };
		42DCB3DC1B251A5B0087AB50 /* ViewController.m in Sources */ = {isa = PBXBuildFile; fileRef = 42DCB3DB1B251A5B0087AB50 /* ViewController.m */; };
		42DCB3DF1B251A5B0087AB50 /* Main.storyboard in Resources */ = {isa = PBXBuildFile; fileRef = 42DCB3DD1B251A5B0087AB50 /* Main.storyboard */; };
		42DCB3E11B251A5B0087AB50 /* Images.xcassets in Resources */ = {isa = PBXBuildFile; fileRef = 42DCB3E01B251A5B0087AB50 /* Images.xcassets */; };
		42DCB3E41B251A5B0087AB50 /* LaunchScreen.xib in Resources */ = {isa = PBXBuildFile; fileRef = 42DCB3E21B251A5B0087AB50 /* LaunchScreen.xib */; };
		42DCB4001B251FE40087AB50 /* spirited_away_large.jpg in Resources */ = {isa = PBXBuildFile; fileRef = 42DCB3FE1B251FE40087AB50 /* spirited_away_large.jpg */; };
		42DCB4011B251FE40087AB50 /* spirited_away_small.jpg in Resources */ = {isa = PBXBuildFile; fileRef = 42DCB3FF1B251FE40087AB50 /* spirited_away_small.jpg */; };
		9EF855BFDC10237699AC60F5 /* libPods-BestFitImageViewDemo.a in Frameworks */ = {isa = PBXBuildFile; fileRef = A12506BEBBC9D274BD1820D9 /* libPods-BestFitImageViewDemo.a */; };
/* End PBXBuildFile section */

/* Begin PBXFileReference section */
		42DCB3D01B251A5B0087AB50 /* BestFitImageViewDemo.app */ = {isa = PBXFileReference; explicitFileType = wrapper.application; includeInIndex = 0; path = BestFitImageViewDemo.app; sourceTree = BUILT_PRODUCTS_DIR; };
		42DCB3D41B251A5B0087AB50 /* Info.plist */ = {isa = PBXFileReference; lastKnownFileType = text.plist.xml; path = Info.plist; sourceTree = "<group>"; };
		42DCB3D51B251A5B0087AB50 /* main.m */ = {isa = PBXFileReference; lastKnownFileType = sourcecode.c.objc; path = main.m; sourceTree = "<group>"; };
		42DCB3D71B251A5B0087AB50 /* AppDelegate.h */ = {isa = PBXFileReference; lastKnownFileType = sourcecode.c.h; path = AppDelegate.h; sourceTree = "<group>"; };
		42DCB3D81B251A5B0087AB50 /* AppDelegate.m */ = {isa = PBXFileReference; lastKnownFileType = sourcecode.c.objc; path = AppDelegate.m; sourceTree = "<group>"; };
		42DCB3DA1B251A5B0087AB50 /* ViewController.h */ = {isa = PBXFileReference; lastKnownFileType = sourcecode.c.h; path = ViewController.h; sourceTree = "<group>"; };
		42DCB3DB1B251A5B0087AB50 /* ViewController.m */ = {isa = PBXFileReference; lastKnownFileType = sourcecode.c.objc; path = ViewController.m; sourceTree = "<group>"; };
		42DCB3DE1B251A5B0087AB50 /* Base */ = {isa = PBXFileReference; lastKnownFileType = file.storyboard; name = Base; path = Base.lproj/Main.storyboard; sourceTree = "<group>"; };
		42DCB3E01B251A5B0087AB50 /* Images.xcassets */ = {isa = PBXFileReference; lastKnownFileType = folder.assetcatalog; path = Images.xcassets; sourceTree = "<group>"; };
		42DCB3E31B251A5B0087AB50 /* Base */ = {isa = PBXFileReference; lastKnownFileType = file.xib; name = Base; path = Base.lproj/LaunchScreen.xib; sourceTree = "<group>"; };
		42DCB3FE1B251FE40087AB50 /* spirited_away_large.jpg */ = {isa = PBXFileReference; lastKnownFileType = image.jpeg; path = spirited_away_large.jpg; sourceTree = "<group>"; };
		42DCB3FF1B251FE40087AB50 /* spirited_away_small.jpg */ = {isa = PBXFileReference; lastKnownFileType = image.jpeg; path = spirited_away_small.jpg; sourceTree = "<group>"; };
		8ABE9B3D0C8070630E736C6E /* Pods-BestFitImageViewDemo.debug.xcconfig */ = {isa = PBXFileReference; includeInIndex = 1; lastKnownFileType = text.xcconfig; name = "Pods-BestFitImageViewDemo.debug.xcconfig"; path = "../Pods/Target Support Files/Pods-BestFitImageViewDemo/Pods-BestFitImageViewDemo.debug.xcconfig"; sourceTree = "<group>"; };
		A12506BEBBC9D274BD1820D9 /* libPods-BestFitImageViewDemo.a */ = {isa = PBXFileReference; explicitFileType = archive.ar; includeInIndex = 0; path = "libPods-BestFitImageViewDemo.a"; sourceTree = BUILT_PRODUCTS_DIR; };
		D16DB6D7AA9E1D1D599EF2ED /* Pods-BestFitImageViewDemo.release.xcconfig */ = {isa = PBXFileReference; includeInIndex = 1; lastKnownFileType = text.xcconfig; name = "Pods-BestFitImageViewDemo.release.xcconfig"; path = "../Pods/Target Support Files/Pods-BestFitImageViewDemo/Pods-BestFitImageViewDemo.release.xcconfig"; sourceTree = "<group>"; };
/* End PBXFileReference section */

/* Begin PBXFrameworksBuildPhase section */
		42DCB3CD1B251A5B0087AB50 /* Frameworks */ = {
			isa = PBXFrameworksBuildPhase;
			buildActionMask = 2147483647;
			files = (
				9EF855BFDC10237699AC60F5 /* libPods-BestFitImageViewDemo.a in Frameworks */,
			);
			runOnlyForDeploymentPostprocessing = 0;
		};
/* End PBXFrameworksBuildPhase section */

/* Begin PBXGroup section */
		42DCB3C71B251A5B0087AB50 = {
			isa = PBXGroup;
			children = (
				42DCB3D21B251A5B0087AB50 /* BestFitImageViewDemo */,
				42DCB3D11B251A5B0087AB50 /* Products */,
				8870B39B1BF60FE0EA7F053A /* Pods */,
				617F8F49610CB67639289178 /* Frameworks */,
			);
			sourceTree = "<group>";
		};
		42DCB3D11B251A5B0087AB50 /* Products */ = {
			isa = PBXGroup;
			children = (
				42DCB3D01B251A5B0087AB50 /* BestFitImageViewDemo.app */,
			);
			name = Products;
			sourceTree = "<group>";
		};
		42DCB3D21B251A5B0087AB50 /* BestFitImageViewDemo */ = {
			isa = PBXGroup;
			children = (
				42DCB3D71B251A5B0087AB50 /* AppDelegate.h */,
				42DCB3D81B251A5B0087AB50 /* AppDelegate.m */,
				42DCB3FC1B251D0D0087AB50 /* Assets */,
				42DCB3FB1B251CFD0087AB50 /* Controllers */,
				42DCB3D31B251A5B0087AB50 /* Supporting Files */,
				42DCB3FD1B251D140087AB50 /* Views */,
			);
			path = BestFitImageViewDemo;
			sourceTree = "<group>";
		};
		42DCB3D31B251A5B0087AB50 /* Supporting Files */ = {
			isa = PBXGroup;
			children = (
				42DCB3D41B251A5B0087AB50 /* Info.plist */,
				42DCB3D51B251A5B0087AB50 /* main.m */,
			);
			name = "Supporting Files";
			sourceTree = "<group>";
		};
		42DCB3FB1B251CFD0087AB50 /* Controllers */ = {
			isa = PBXGroup;
			children = (
				42DCB3DA1B251A5B0087AB50 /* ViewController.h */,
				42DCB3DB1B251A5B0087AB50 /* ViewController.m */,
			);
			name = Controllers;
			sourceTree = "<group>";
		};
		42DCB3FC1B251D0D0087AB50 /* Assets */ = {
			isa = PBXGroup;
			children = (
				42DCB3E01B251A5B0087AB50 /* Images.xcassets */,
				42DCB3FE1B251FE40087AB50 /* spirited_away_large.jpg */,
				42DCB3FF1B251FE40087AB50 /* spirited_away_small.jpg */,
			);
			name = Assets;
			sourceTree = "<group>";
		};
		42DCB3FD1B251D140087AB50 /* Views */ = {
			isa = PBXGroup;
			children = (
				42DCB3DD1B251A5B0087AB50 /* Main.storyboard */,
				42DCB3E21B251A5B0087AB50 /* LaunchScreen.xib */,
			);
			name = Views;
			sourceTree = "<group>";
		};
		617F8F49610CB67639289178 /* Frameworks */ = {
			isa = PBXGroup;
			children = (
				A12506BEBBC9D274BD1820D9 /* libPods-BestFitImageViewDemo.a */,
			);
			name = Frameworks;
			sourceTree = "<group>";
		};
		8870B39B1BF60FE0EA7F053A /* Pods */ = {
			isa = PBXGroup;
			children = (
				8ABE9B3D0C8070630E736C6E /* Pods-BestFitImageViewDemo.debug.xcconfig */,
				D16DB6D7AA9E1D1D599EF2ED /* Pods-BestFitImageViewDemo.release.xcconfig */,
			);
			name = Pods;
			sourceTree = "<group>";
		};
/* End PBXGroup section */

/* Begin PBXNativeTarget section */
		42DCB3CF1B251A5B0087AB50 /* BestFitImageViewDemo */ = {
			isa = PBXNativeTarget;
			buildConfigurationList = 42DCB3F31B251A5B0087AB50 /* Build configuration list for PBXNativeTarget "BestFitImageViewDemo" */;
			buildPhases = (
				4DBEB0679F2C0F81F2CA3BCA /* Check Pods Manifest.lock */,
				42DCB3CC1B251A5B0087AB50 /* Sources */,
				42DCB3CD1B251A5B0087AB50 /* Frameworks */,
				42DCB3CE1B251A5B0087AB50 /* Resources */,
				73E2AD0F98C5B29572B03215 /* Copy Pods Resources */,
			);
			buildRules = (
			);
			dependencies = (
			);
			name = BestFitImageViewDemo;
			productName = BestFitImageViewDemo;
			productReference = 42DCB3D01B251A5B0087AB50 /* BestFitImageViewDemo.app */;
			productType = "com.apple.product-type.application";
		};
/* End PBXNativeTarget section */

/* Begin PBXProject section */
		42DCB3C81B251A5B0087AB50 /* Project object */ = {
			isa = PBXProject;
			attributes = {
				LastUpgradeCheck = 0630;
				ORGANIZATIONNAME = "JRG-Developer";
				TargetAttributes = {
					42DCB3CF1B251A5B0087AB50 = {
						CreatedOnToolsVersion = 6.3.2;
					};
				};
			};
			buildConfigurationList = 42DCB3CB1B251A5B0087AB50 /* Build configuration list for PBXProject "BestFitImageViewDemo" */;
			compatibilityVersion = "Xcode 3.2";
			developmentRegion = English;
			hasScannedForEncodings = 0;
			knownRegions = (
				en,
				Base,
			);
			mainGroup = 42DCB3C71B251A5B0087AB50;
			productRefGroup = 42DCB3D11B251A5B0087AB50 /* Products */;
			projectDirPath = "";
			projectRoot = "";
			targets = (
				42DCB3CF1B251A5B0087AB50 /* BestFitImageViewDemo */,
			);
		};
/* End PBXProject section */

/* Begin PBXResourcesBuildPhase section */
		42DCB3CE1B251A5B0087AB50 /* Resources */ = {
			isa = PBXResourcesBuildPhase;
			buildActionMask = 2147483647;
			files = (
				42DCB4011B251FE40087AB50 /* spirited_away_small.jpg in Resources */,
				42DCB3DF1B251A5B0087AB50 /* Main.storyboard in Resources */,
				42DCB4001B251FE40087AB50 /* spirited_away_large.jpg in Resources */,
				42DCB3E41B251A5B0087AB50 /* LaunchScreen.xib in Resources */,
				42DCB3E11B251A5B0087AB50 /* Images.xcassets in Resources */,
			);
			runOnlyForDeploymentPostprocessing = 0;
		};
/* End PBXResourcesBuildPhase section */

/* Begin PBXShellScriptBuildPhase section */
		4DBEB0679F2C0F81F2CA3BCA /* Check Pods Manifest.lock */ = {
			isa = PBXShellScriptBuildPhase;
			buildActionMask = 2147483647;
			files = (
			);
			inputPaths = (
			);
			name = "Check Pods Manifest.lock";
			outputPaths = (
			);
			runOnlyForDeploymentPostprocessing = 0;
			shellPath = /bin/sh;
			shellScript = "diff \"${PODS_ROOT}/../Podfile.lock\" \"${PODS_ROOT}/Manifest.lock\" > /dev/null\nif [[ $? != 0 ]] ; then\n    cat << EOM\nerror: The sandbox is not in sync with the Podfile.lock. Run 'pod install' or update your CocoaPods installation.\nEOM\n    exit 1\nfi\n";
			showEnvVarsInLog = 0;
		};
		73E2AD0F98C5B29572B03215 /* Copy Pods Resources */ = {
			isa = PBXShellScriptBuildPhase;
			buildActionMask = 2147483647;
			files = (
			);
			inputPaths = (
			);
			name = "Copy Pods Resources";
			outputPaths = (
			);
			runOnlyForDeploymentPostprocessing = 0;
			shellPath = /bin/sh;
			shellScript = "\"${SRCROOT}/../Pods/Target Support Files/Pods-BestFitImageViewDemo/Pods-BestFitImageViewDemo-resources.sh\"\n";
			showEnvVarsInLog = 0;
		};
/* End PBXShellScriptBuildPhase section */

/* Begin PBXSourcesBuildPhase section */
		42DCB3CC1B251A5B0087AB50 /* Sources */ = {
			isa = PBXSourcesBuildPhase;
			buildActionMask = 2147483647;
			files = (
				42DCB3DC1B251A5B0087AB50 /* ViewController.m in Sources */,
				42DCB3D91B251A5B0087AB50 /* AppDelegate.m in Sources */,
				42DCB3D61B251A5B0087AB50 /* main.m in Sources */,
			);
			runOnlyForDeploymentPostprocessing = 0;
		};
/* End PBXSourcesBuildPhase section */

/* Begin PBXVariantGroup section */
		42DCB3DD1B251A5B0087AB50 /* Main.storyboard */ = {
			isa = PBXVariantGroup;
			children = (
				42DCB3DE1B251A5B0087AB50 /* Base */,
			);
			name = Main.storyboard;
			sourceTree = "<group>";
		};
		42DCB3E21B251A5B0087AB50 /* LaunchScreen.xib */ = {
			isa = PBXVariantGroup;
			children = (
				42DCB3E31B251A5B0087AB50 /* Base */,
			);
			name = LaunchScreen.xib;
			sourceTree = "<group>";
		};
/* End PBXVariantGroup section */

/* Begin XCBuildConfiguration section */
		42DCB3F11B251A5B0087AB50 /* Debug */ = {
			isa = XCBuildConfiguration;
			buildSettings = {
				ALWAYS_SEARCH_USER_PATHS = NO;
				CLANG_CXX_LANGUAGE_STANDARD = "gnu++0x";
				CLANG_CXX_LIBRARY = "libc++";
				CLANG_ENABLE_MODULES = YES;
				CLANG_ENABLE_OBJC_ARC = YES;
				CLANG_WARN_BOOL_CONVERSION = YES;
				CLANG_WARN_CONSTANT_CONVERSION = YES;
				CLANG_WARN_DIRECT_OBJC_ISA_USAGE = YES_ERROR;
				CLANG_WARN_EMPTY_BODY = YES;
				CLANG_WARN_ENUM_CONVERSION = YES;
				CLANG_WARN_INT_CONVERSION = YES;
				CLANG_WARN_OBJC_ROOT_CLASS = YES_ERROR;
				CLANG_WARN_UNREACHABLE_CODE = YES;
				CLANG_WARN__DUPLICATE_METHOD_MATCH = YES;
				"CODE_SIGN_IDENTITY[sdk=iphoneos*]" = "iPhone Developer";
				COPY_PHASE_STRIP = NO;
				DEBUG_INFORMATION_FORMAT = "dwarf-with-dsym";
				ENABLE_STRICT_OBJC_MSGSEND = YES;
				GCC_C_LANGUAGE_STANDARD = gnu99;
				GCC_DYNAMIC_NO_PIC = NO;
				GCC_NO_COMMON_BLOCKS = YES;
				GCC_OPTIMIZATION_LEVEL = 0;
				GCC_PREPROCESSOR_DEFINITIONS = (
					"DEBUG=1",
					"$(inherited)",
				);
				GCC_SYMBOLS_PRIVATE_EXTERN = NO;
				GCC_WARN_64_TO_32_BIT_CONVERSION = YES;
				GCC_WARN_ABOUT_RETURN_TYPE = YES_ERROR;
				GCC_WARN_UNDECLARED_SELECTOR = YES;
				GCC_WARN_UNINITIALIZED_AUTOS = YES_AGGRESSIVE;
				GCC_WARN_UNUSED_FUNCTION = YES;
				GCC_WARN_UNUSED_VARIABLE = YES;
				IPHONEOS_DEPLOYMENT_TARGET = 8.3;
				MTL_ENABLE_DEBUG_INFO = YES;
				ONLY_ACTIVE_ARCH = YES;
				SDKROOT = iphoneos;
			};
			name = Debug;
		};
		42DCB3F21B251A5B0087AB50 /* Release */ = {
			isa = XCBuildConfiguration;
			buildSettings = {
				ALWAYS_SEARCH_USER_PATHS = NO;
				CLANG_CXX_LANGUAGE_STANDARD = "gnu++0x";
				CLANG_CXX_LIBRARY = "libc++";
				CLANG_ENABLE_MODULES = YES;
				CLANG_ENABLE_OBJC_ARC = YES;
				CLANG_WARN_BOOL_CONVERSION = YES;
				CLANG_WARN_CONSTANT_CONVERSION = YES;
				CLANG_WARN_DIRECT_OBJC_ISA_USAGE = YES_ERROR;
				CLANG_WARN_EMPTY_BODY = YES;
				CLANG_WARN_ENUM_CONVERSION = YES;
				CLANG_WARN_INT_CONVERSION = YES;
				CLANG_WARN_OBJC_ROOT_CLASS = YES_ERROR;
				CLANG_WARN_UNREACHABLE_CODE = YES;
				CLANG_WARN__DUPLICATE_METHOD_MATCH = YES;
				"CODE_SIGN_IDENTITY[sdk=iphoneos*]" = "iPhone Developer";
				COPY_PHASE_STRIP = NO;
				DEBUG_INFORMATION_FORMAT = "dwarf-with-dsym";
				ENABLE_NS_ASSERTIONS = NO;
				ENABLE_STRICT_OBJC_MSGSEND = YES;
				GCC_C_LANGUAGE_STANDARD = gnu99;
				GCC_NO_COMMON_BLOCKS = YES;
				GCC_WARN_64_TO_32_BIT_CONVERSION = YES;
				GCC_WARN_ABOUT_RETURN_TYPE = YES_ERROR;
				GCC_WARN_UNDECLARED_SELECTOR = YES;
				GCC_WARN_UNINITIALIZED_AUTOS = YES_AGGRESSIVE;
				GCC_WARN_UNUSED_FUNCTION = YES;
				GCC_WARN_UNUSED_VARIABLE = YES;
				IPHONEOS_DEPLOYMENT_TARGET = 8.3;
				MTL_ENABLE_DEBUG_INFO = NO;
				SDKROOT = iphoneos;
				VALIDATE_PRODUCT = YES;
			};
			name = Release;
		};
		42DCB3F41B251A5B0087AB50 /* Debug */ = {
			isa = XCBuildConfiguration;
			baseConfigurationReference = 8ABE9B3D0C8070630E736C6E /* Pods-BestFitImageViewDemo.debug.xcconfig */;
			buildSettings = {
				ASSETCATALOG_COMPILER_APPICON_NAME = AppIcon;
				INFOPLIST_FILE = BestFitImageViewDemo/Info.plist;
				LD_RUNPATH_SEARCH_PATHS = "$(inherited) @executable_path/Frameworks";
				PRODUCT_NAME = "$(TARGET_NAME)";
			};
			name = Debug;
		};
		42DCB3F51B251A5B0087AB50 /* Release */ = {
			isa = XCBuildConfiguration;
			baseConfigurationReference = D16DB6D7AA9E1D1D599EF2ED /* Pods-BestFitImageViewDemo.release.xcconfig */;
			buildSettings = {
				ASSETCATALOG_COMPILER_APPICON_NAME = AppIcon;
				INFOPLIST_FILE = BestFitImageViewDemo/Info.plist;
				LD_RUNPATH_SEARCH_PATHS = "$(inherited) @executable_path/Frameworks";
				PRODUCT_NAME = "$(TARGET_NAME)";
			};
			name = Release;
		};
/* End XCBuildConfiguration section */

/* Begin XCConfigurationList section */
		42DCB3CB1B251A5B0087AB50 /* Build configuration list for PBXProject "BestFitImageViewDemo" */ = {
			isa = XCConfigurationList;
			buildConfigurations = (
				42DCB3F11B251A5B0087AB50 /* Debug */,
				42DCB3F21B251A5B0087AB50 /* Release */,
			);
			defaultConfigurationIsVisible = 0;
			defaultConfigurationName = Release;
		};
		42DCB3F31B251A5B0087AB50 /* Build configuration list for PBXNativeTarget "BestFitImageViewDemo" */ = {
			isa = XCConfigurationList;
			buildConfigurations = (
				42DCB3F41B251A5B0087AB50 /* Debug */,
				42DCB3F51B251A5B0087AB50 /* Release */,
			);
			defaultConfigurationIsVisible = 0;
			defaultConfigurationName = Release;
		};
/* End XCConfigurationList section */
	};
	rootObject = 42DCB3C81B251A5B0087AB50 /* Project object */;
}
